
Microsoft Visual Studio Solution File, Format Version 12.00
# Visual Studio Version 16
VisualStudioVersion = 16.0.31005.135
MinimumVisualStudioVersion = 10.0.40219.1
Project("{FAE04EC0-301F-11D3-BF4B-00C04F79EFBC}") = "Abstraction", "Abstraction\Abstraction.csproj", "{218F63AC-A7A1-41D2-A83B-2378045AC241}"
EndProject
Project("{FAE04EC0-301F-11D3-BF4B-00C04F79EFBC}") = "DBConnection", "DBConnection\DBConnection.csproj", "{295537F0-9F13-4723-AB28-4ED088B77E0E}"
EndProject
Project("{FAE04EC0-301F-11D3-BF4B-00C04F79EFBC}") = "Executor", "Executor\Executor.csproj", "{749DF100-19EB-4A98-BC60-C4CA0DD012A9}"
EndProject
Global
	GlobalSection(SolutionConfigurationPlatforms) = preSolution
		Debug|Any CPU = Debug|Any CPU
		Release|Any CPU = Release|Any CPU
	EndGlobalSection
	GlobalSection(ProjectConfigurationPlatforms) = postSolution
		{218F63AC-A7A1-41D2-A83B-2378045AC241}.Debug|Any CPU.ActiveCfg = Debug|Any CPU
		{218F63AC-A7A1-41D2-A83B-2378045AC241}.Debug|Any CPU.Build.0 = Debug|Any CPU
		{218F63AC-A7A1-41D2-A83B-2378045AC241}.Release|Any CPU.ActiveCfg = Release|Any CPU
		{218F63AC-A7A1-41D2-A83B-2378045AC241}.Release|Any CPU.Build.0 = Release|Any CPU
		{295537F0-9F13-4723-AB28-4ED088B77E0E}.Debug|Any CPU.ActiveCfg = Debug|Any CPU
		{295537F0-9F13-4723-AB28-4ED088B77E0E}.Debug|Any CPU.Build.0 = Debug|Any CPU
		{295537F0-9F13-4723-AB28-4ED088B77E0E}.Release|Any CPU.ActiveCfg = Release|Any CPU
		{295537F0-9F13-4723-AB28-4ED088B77E0E}.Release|Any CPU.Build.0 = Release|Any CPU
		{749DF100-19EB-4A98-BC60-C4CA0DD012A9}.Debug|Any CPU.ActiveCfg = Debug|Any CPU
		{749DF100-19EB-4A98-BC60-C4CA0DD012A9}.Debug|Any CPU.Build.0 = Debug|Any CPU
		{749DF100-19EB-4A98-BC60-C4CA0DD012A9}.Release|Any CPU.ActiveCfg = Release|Any CPU
		{749DF100-19EB-4A98-BC60-C4CA0DD012A9}.Release|Any CPU.Build.0 = Release|Any CPU
	EndGlobalSection
	GlobalSection(SolutionProperties) = preSolution
		HideSolutionNode = FALSE
	EndGlobalSection
	GlobalSection(ExtensibilityGlobals) = postSolution
		SolutionGuid = {2F7F9E42-3D10-46D0-98F5-4CAED60E1FF8}
	EndGlobalSection
EndGlobal
